// !$*UTF8*$!
{
	archiveVersion = 1;
	classes = {
	};
	objectVersion = 51;
	objects = {

/* Begin PBXBuildFile section */
		2446EA4622C43C51004166F0 /* DetailsViewController.m in Sources */ = {isa = PBXBuildFile; fileRef = 2446EA4522C43C51004166F0 /* DetailsViewController.m */; };
		24AF73C522C54E000077C4F9 /* MoviesGridViewController.m in Sources */ = {isa = PBXBuildFile; fileRef = 24AF73C422C54E000077C4F9 /* MoviesGridViewController.m */; };
		24AF73C822C5518D0077C4F9 /* MovieCollectionCell.m in Sources */ = {isa = PBXBuildFile; fileRef = 24AF73C722C5518D0077C4F9 /* MovieCollectionCell.m */; };
		24C16B1F22C3ED02004EDAE5 /* AppDelegate.m in Sources */ = {isa = PBXBuildFile; fileRef = 24C16B1E22C3ED02004EDAE5 /* AppDelegate.m */; };
		24C16B2522C3ED02004EDAE5 /* Main.storyboard in Resources */ = {isa = PBXBuildFile; fileRef = 24C16B2322C3ED02004EDAE5 /* Main.storyboard */; };
		24C16B2722C3ED02004EDAE5 /* Assets.xcassets in Resources */ = {isa = PBXBuildFile; fileRef = 24C16B2622C3ED02004EDAE5 /* Assets.xcassets */; };
		24C16B2A22C3ED02004EDAE5 /* LaunchScreen.storyboard in Resources */ = {isa = PBXBuildFile; fileRef = 24C16B2822C3ED02004EDAE5 /* LaunchScreen.storyboard */; };
		24C16B2D22C3ED03004EDAE5 /* main.m in Sources */ = {isa = PBXBuildFile; fileRef = 24C16B2C22C3ED03004EDAE5 /* main.m */; };
		24C16B3722C3ED03004EDAE5 /* FlixTests.m in Sources */ = {isa = PBXBuildFile; fileRef = 24C16B3622C3ED03004EDAE5 /* FlixTests.m */; };
		24C16B4222C3ED03004EDAE5 /* FlixUITests.m in Sources */ = {isa = PBXBuildFile; fileRef = 24C16B4122C3ED03004EDAE5 /* FlixUITests.m */; };
		24E21FD722C4026E00ED700D /* MoviesViewController.m in Sources */ = {isa = PBXBuildFile; fileRef = 24E21FD622C4026E00ED700D /* MoviesViewController.m */; };
		24E21FDD22C4215F00ED700D /* MovieCell.m in Sources */ = {isa = PBXBuildFile; fileRef = 24E21FDC22C4215F00ED700D /* MovieCell.m */; };
		59A304AE00F55990DFC0F23D /* Pods_FlixTests.framework in Frameworks */ = {isa = PBXBuildFile; fileRef = 06C27607C92F15B4625943B8 /* Pods_FlixTests.framework */; };
		CE1D9D98A890B3E81E6EB3F4 /* Pods_Flix.framework in Frameworks */ = {isa = PBXBuildFile; fileRef = 1B886A78F4BA2B33A3AC086C /* Pods_Flix.framework */; };
		F0A7AB6A2E70EA02E86C704D /* Pods_FlixUITests.framework in Frameworks */ = {isa = PBXBuildFile; fileRef = B64F69CEF767DEAFA27031BA /* Pods_FlixUITests.framework */; };
/* End PBXBuildFile section */

/* Begin PBXContainerItemProxy section */
		24C16B3322C3ED03004EDAE5 /* PBXContainerItemProxy */ = {
			isa = PBXContainerItemProxy;
			containerPortal = 24C16B1222C3ED02004EDAE5 /* Project object */;
			proxyType = 1;
			remoteGlobalIDString = 24C16B1922C3ED02004EDAE5;
			remoteInfo = Flix;
		};
		24C16B3E22C3ED03004EDAE5 /* PBXContainerItemProxy */ = {
			isa = PBXContainerItemProxy;
			containerPortal = 24C16B1222C3ED02004EDAE5 /* Project object */;
			proxyType = 1;
			remoteGlobalIDString = 24C16B1922C3ED02004EDAE5;
			remoteInfo = Flix;
		};
/* End PBXContainerItemProxy section */

/* Begin PBXFileReference section */
		06C27607C92F15B4625943B8 /* Pods_FlixTests.framework */ = {isa = PBXFileReference; explicitFileType = wrapper.framework; includeInIndex = 0; path = Pods_FlixTests.framework; sourceTree = BUILT_PRODUCTS_DIR; };
		1B886A78F4BA2B33A3AC086C /* Pods_Flix.framework */ = {isa = PBXFileReference; explicitFileType = wrapper.framework; includeInIndex = 0; path = Pods_Flix.framework; sourceTree = BUILT_PRODUCTS_DIR; };
		2446EA4422C43C51004166F0 /* DetailsViewController.h */ = {isa = PBXFileReference; lastKnownFileType = sourcecode.c.h; path = DetailsViewController.h; sourceTree = "<group>"; };
		2446EA4522C43C51004166F0 /* DetailsViewController.m */ = {isa = PBXFileReference; lastKnownFileType = sourcecode.c.objc; path = DetailsViewController.m; sourceTree = "<group>"; };
		24AF73C322C54E000077C4F9 /* MoviesGridViewController.h */ = {isa = PBXFileReference; lastKnownFileType = sourcecode.c.h; path = MoviesGridViewController.h; sourceTree = "<group>"; };
		24AF73C422C54E000077C4F9 /* MoviesGridViewController.m */ = {isa = PBXFileReference; lastKnownFileType = sourcecode.c.objc; path = MoviesGridViewController.m; sourceTree = "<group>"; };
		24AF73C622C5518D0077C4F9 /* MovieCollectionCell.h */ = {isa = PBXFileReference; lastKnownFileType = sourcecode.c.h; path = MovieCollectionCell.h; sourceTree = "<group>"; };
		24AF73C722C5518D0077C4F9 /* MovieCollectionCell.m */ = {isa = PBXFileReference; lastKnownFileType = sourcecode.c.objc; path = MovieCollectionCell.m; sourceTree = "<group>"; };
		24C16B1A22C3ED02004EDAE5 /* Flix.app */ = {isa = PBXFileReference; explicitFileType = wrapper.application; includeInIndex = 0; path = Flix.app; sourceTree = BUILT_PRODUCTS_DIR; };
		24C16B1D22C3ED02004EDAE5 /* AppDelegate.h */ = {isa = PBXFileReference; lastKnownFileType = sourcecode.c.h; path = AppDelegate.h; sourceTree = "<group>"; };
		24C16B1E22C3ED02004EDAE5 /* AppDelegate.m */ = {isa = PBXFileReference; lastKnownFileType = sourcecode.c.objc; path = AppDelegate.m; sourceTree = "<group>"; };
		24C16B2422C3ED02004EDAE5 /* Base */ = {isa = PBXFileReference; lastKnownFileType = file.storyboard; name = Base; path = Base.lproj/Main.storyboard; sourceTree = "<group>"; };
		24C16B2622C3ED02004EDAE5 /* Assets.xcassets */ = {isa = PBXFileReference; lastKnownFileType = folder.assetcatalog; path = Assets.xcassets; sourceTree = "<group>"; };
		24C16B2922C3ED02004EDAE5 /* Base */ = {isa = PBXFileReference; lastKnownFileType = file.storyboard; name = Base; path = Base.lproj/LaunchScreen.storyboard; sourceTree = "<group>"; };
		24C16B2B22C3ED02004EDAE5 /* Info.plist */ = {isa = PBXFileReference; lastKnownFileType = text.plist.xml; path = Info.plist; sourceTree = "<group>"; };
		24C16B2C22C3ED03004EDAE5 /* main.m */ = {isa = PBXFileReference; lastKnownFileType = sourcecode.c.objc; path = main.m; sourceTree = "<group>"; };
		24C16B3222C3ED03004EDAE5 /* FlixTests.xctest */ = {isa = PBXFileReference; explicitFileType = wrapper.cfbundle; includeInIndex = 0; path = FlixTests.xctest; sourceTree = BUILT_PRODUCTS_DIR; };
		24C16B3622C3ED03004EDAE5 /* FlixTests.m */ = {isa = PBXFileReference; lastKnownFileType = sourcecode.c.objc; path = FlixTests.m; sourceTree = "<group>"; };
		24C16B3822C3ED03004EDAE5 /* Info.plist */ = {isa = PBXFileReference; lastKnownFileType = text.plist.xml; path = Info.plist; sourceTree = "<group>"; };
		24C16B3D22C3ED03004EDAE5 /* FlixUITests.xctest */ = {isa = PBXFileReference; explicitFileType = wrapper.cfbundle; includeInIndex = 0; path = FlixUITests.xctest; sourceTree = BUILT_PRODUCTS_DIR; };
		24C16B4122C3ED03004EDAE5 /* FlixUITests.m */ = {isa = PBXFileReference; lastKnownFileType = sourcecode.c.objc; path = FlixUITests.m; sourceTree = "<group>"; };
		24C16B4322C3ED03004EDAE5 /* Info.plist */ = {isa = PBXFileReference; lastKnownFileType = text.plist.xml; path = Info.plist; sourceTree = "<group>"; };
		24E21FD522C4026E00ED700D /* MoviesViewController.h */ = {isa = PBXFileReference; lastKnownFileType = sourcecode.c.h; path = MoviesViewController.h; sourceTree = "<group>"; };
		24E21FD622C4026E00ED700D /* MoviesViewController.m */ = {isa = PBXFileReference; lastKnownFileType = sourcecode.c.objc; path = MoviesViewController.m; sourceTree = "<group>"; };
		24E21FDB22C4215F00ED700D /* MovieCell.h */ = {isa = PBXFileReference; lastKnownFileType = sourcecode.c.h; path = MovieCell.h; sourceTree = "<group>"; };
		24E21FDC22C4215F00ED700D /* MovieCell.m */ = {isa = PBXFileReference; lastKnownFileType = sourcecode.c.objc; path = MovieCell.m; sourceTree = "<group>"; };
		3459083DD2645A75B4A10F4B /* Pods-FlixUITests.release.xcconfig */ = {isa = PBXFileReference; includeInIndex = 1; lastKnownFileType = text.xcconfig; name = "Pods-FlixUITests.release.xcconfig"; path = "Target Support Files/Pods-FlixUITests/Pods-FlixUITests.release.xcconfig"; sourceTree = "<group>"; };
		502F59E9D336089FF45F0EB3 /* Pods-Flix.release.xcconfig */ = {isa = PBXFileReference; includeInIndex = 1; lastKnownFileType = text.xcconfig; name = "Pods-Flix.release.xcconfig"; path = "Target Support Files/Pods-Flix/Pods-Flix.release.xcconfig"; sourceTree = "<group>"; };
		6E9B5DC73815DA3EBF791F86 /* Pods-FlixTests.debug.xcconfig */ = {isa = PBXFileReference; includeInIndex = 1; lastKnownFileType = text.xcconfig; name = "Pods-FlixTests.debug.xcconfig"; path = "Target Support Files/Pods-FlixTests/Pods-FlixTests.debug.xcconfig"; sourceTree = "<group>"; };
		8741947D4EFC9E59A7C73960 /* Pods-Flix.debug.xcconfig */ = {isa = PBXFileReference; includeInIndex = 1; lastKnownFileType = text.xcconfig; name = "Pods-Flix.debug.xcconfig"; path = "Target Support Files/Pods-Flix/Pods-Flix.debug.xcconfig"; sourceTree = "<group>"; };
		8919526F185081D6D016BD2F /* Pods-FlixTests.release.xcconfig */ = {isa = PBXFileReference; includeInIndex = 1; lastKnownFileType = text.xcconfig; name = "Pods-FlixTests.release.xcconfig"; path = "Target Support Files/Pods-FlixTests/Pods-FlixTests.release.xcconfig"; sourceTree = "<group>"; };
		B64F69CEF767DEAFA27031BA /* Pods_FlixUITests.framework */ = {isa = PBXFileReference; explicitFileType = wrapper.framework; includeInIndex = 0; path = Pods_FlixUITests.framework; sourceTree = BUILT_PRODUCTS_DIR; };
		D08A6B4F34BECA2E3CEA23B1 /* Pods-FlixUITests.debug.xcconfig */ = {isa = PBXFileReference; includeInIndex = 1; lastKnownFileType = text.xcconfig; name = "Pods-FlixUITests.debug.xcconfig"; path = "Target Support Files/Pods-FlixUITests/Pods-FlixUITests.debug.xcconfig"; sourceTree = "<group>"; };
/* End PBXFileReference section */

/* Begin PBXFrameworksBuildPhase section */
		24C16B1722C3ED02004EDAE5 /* Frameworks */ = {
			isa = PBXFrameworksBuildPhase;
			buildActionMask = 2147483647;
			files = (
				CE1D9D98A890B3E81E6EB3F4 /* Pods_Flix.framework in Frameworks */,
			);
			runOnlyForDeploymentPostprocessing = 0;
		};
		24C16B2F22C3ED03004EDAE5 /* Frameworks */ = {
			isa = PBXFrameworksBuildPhase;
			buildActionMask = 2147483647;
			files = (
				59A304AE00F55990DFC0F23D /* Pods_FlixTests.framework in Frameworks */,
			);
			runOnlyForDeploymentPostprocessing = 0;
		};
		24C16B3A22C3ED03004EDAE5 /* Frameworks */ = {
			isa = PBXFrameworksBuildPhase;
			buildActionMask = 2147483647;
			files = (
				F0A7AB6A2E70EA02E86C704D /* Pods_FlixUITests.framework in Frameworks */,
			);
			runOnlyForDeploymentPostprocessing = 0;
		};
/* End PBXFrameworksBuildPhase section */

/* Begin PBXGroup section */
		24C16B1122C3ED02004EDAE5 = {
			isa = PBXGroup;
			children = (
				24C16B1C22C3ED02004EDAE5 /* Flix */,
				24C16B3522C3ED03004EDAE5 /* FlixTests */,
				24C16B4022C3ED03004EDAE5 /* FlixUITests */,
				24C16B1B22C3ED02004EDAE5 /* Products */,
				CD74F97A29CEBD0EB9223A70 /* Pods */,
				E41F3DFD6B1DFEAB8EA7371C /* Frameworks */,
			);
			sourceTree = "<group>";
		};
		24C16B1B22C3ED02004EDAE5 /* Products */ = {
			isa = PBXGroup;
			children = (
				24C16B1A22C3ED02004EDAE5 /* Flix.app */,
				24C16B3222C3ED03004EDAE5 /* FlixTests.xctest */,
				24C16B3D22C3ED03004EDAE5 /* FlixUITests.xctest */,
			);
			name = Products;
			sourceTree = "<group>";
		};
		24C16B1C22C3ED02004EDAE5 /* Flix */ = {
			isa = PBXGroup;
			children = (
				24E21FDA22C4032C00ED700D /* Models */,
				24E21FD922C4031C00ED700D /* Views */,
				24E21FD822C4031400ED700D /* ViewControllers */,
				24C16B1D22C3ED02004EDAE5 /* AppDelegate.h */,
				24C16B1E22C3ED02004EDAE5 /* AppDelegate.m */,
				24C16B2322C3ED02004EDAE5 /* Main.storyboard */,
				24C16B2622C3ED02004EDAE5 /* Assets.xcassets */,
				24C16B2822C3ED02004EDAE5 /* LaunchScreen.storyboard */,
				24C16B2B22C3ED02004EDAE5 /* Info.plist */,
				24C16B2C22C3ED03004EDAE5 /* main.m */,
			);
			path = Flix;
			sourceTree = "<group>";
		};
		24C16B3522C3ED03004EDAE5 /* FlixTests */ = {
			isa = PBXGroup;
			children = (
				24C16B3622C3ED03004EDAE5 /* FlixTests.m */,
				24C16B3822C3ED03004EDAE5 /* Info.plist */,
			);
			path = FlixTests;
			sourceTree = "<group>";
		};
		24C16B4022C3ED03004EDAE5 /* FlixUITests */ = {
			isa = PBXGroup;
			children = (
				24C16B4122C3ED03004EDAE5 /* FlixUITests.m */,
				24C16B4322C3ED03004EDAE5 /* Info.plist */,
			);
			path = FlixUITests;
			sourceTree = "<group>";
		};
		24E21FD822C4031400ED700D /* ViewControllers */ = {
			isa = PBXGroup;
			children = (
				24E21FD522C4026E00ED700D /* MoviesViewController.h */,
				24E21FD622C4026E00ED700D /* MoviesViewController.m */,
				2446EA4422C43C51004166F0 /* DetailsViewController.h */,
				2446EA4522C43C51004166F0 /* DetailsViewController.m */,
				24AF73C322C54E000077C4F9 /* MoviesGridViewController.h */,
				24AF73C422C54E000077C4F9 /* MoviesGridViewController.m */,
			);
			path = ViewControllers;
			sourceTree = "<group>";
		};
		24E21FD922C4031C00ED700D /* Views */ = {
			isa = PBXGroup;
			children = (
				24E21FDB22C4215F00ED700D /* MovieCell.h */,
				24E21FDC22C4215F00ED700D /* MovieCell.m */,
				24AF73C622C5518D0077C4F9 /* MovieCollectionCell.h */,
				24AF73C722C5518D0077C4F9 /* MovieCollectionCell.m */,
			);
			path = Views;
			sourceTree = "<group>";
		};
		24E21FDA22C4032C00ED700D /* Models */ = {
			isa = PBXGroup;
			children = (
			);
			path = Models;
			sourceTree = "<group>";
		};
		CD74F97A29CEBD0EB9223A70 /* Pods */ = {
			isa = PBXGroup;
			children = (
				8741947D4EFC9E59A7C73960 /* Pods-Flix.debug.xcconfig */,
				502F59E9D336089FF45F0EB3 /* Pods-Flix.release.xcconfig */,
				6E9B5DC73815DA3EBF791F86 /* Pods-FlixTests.debug.xcconfig */,
				8919526F185081D6D016BD2F /* Pods-FlixTests.release.xcconfig */,
				D08A6B4F34BECA2E3CEA23B1 /* Pods-FlixUITests.debug.xcconfig */,
				3459083DD2645A75B4A10F4B /* Pods-FlixUITests.release.xcconfig */,
			);
			path = Pods;
			sourceTree = "<group>";
		};
		E41F3DFD6B1DFEAB8EA7371C /* Frameworks */ = {
			isa = PBXGroup;
			children = (
				1B886A78F4BA2B33A3AC086C /* Pods_Flix.framework */,
				06C27607C92F15B4625943B8 /* Pods_FlixTests.framework */,
				B64F69CEF767DEAFA27031BA /* Pods_FlixUITests.framework */,
			);
			name = Frameworks;
			sourceTree = "<group>";
		};
/* End PBXGroup section */

/* Begin PBXNativeTarget section */
		24C16B1922C3ED02004EDAE5 /* Flix */ = {
			isa = PBXNativeTarget;
			buildConfigurationList = 24C16B4622C3ED03004EDAE5 /* Build configuration list for PBXNativeTarget "Flix" */;
			buildPhases = (
				BE4F643C50B610DDE86BEF94 /* [CP] Check Pods Manifest.lock */,
				24C16B1622C3ED02004EDAE5 /* Sources */,
				24C16B1722C3ED02004EDAE5 /* Frameworks */,
				24C16B1822C3ED02004EDAE5 /* Resources */,
				3C27FC4F53B646E27B17CA27 /* [CP] Embed Pods Frameworks */,
			);
			buildRules = (
			);
			dependencies = (
			);
			name = Flix;
			productName = Flix;
			productReference = 24C16B1A22C3ED02004EDAE5 /* Flix.app */;
			productType = "com.apple.product-type.application";
		};
		24C16B3122C3ED03004EDAE5 /* FlixTests */ = {
			isa = PBXNativeTarget;
			buildConfigurationList = 24C16B4922C3ED03004EDAE5 /* Build configuration list for PBXNativeTarget "FlixTests" */;
			buildPhases = (
				ABB1195EF65B26B702C32FA3 /* [CP] Check Pods Manifest.lock */,
				24C16B2E22C3ED03004EDAE5 /* Sources */,
				24C16B2F22C3ED03004EDAE5 /* Frameworks */,
				24C16B3022C3ED03004EDAE5 /* Resources */,
			);
			buildRules = (
			);
			dependencies = (
				24C16B3422C3ED03004EDAE5 /* PBXTargetDependency */,
			);
			name = FlixTests;
			productName = FlixTests;
			productReference = 24C16B3222C3ED03004EDAE5 /* FlixTests.xctest */;
			productType = "com.apple.product-type.bundle.unit-test";
		};
		24C16B3C22C3ED03004EDAE5 /* FlixUITests */ = {
			isa = PBXNativeTarget;
			buildConfigurationList = 24C16B4C22C3ED03004EDAE5 /* Build configuration list for PBXNativeTarget "FlixUITests" */;
			buildPhases = (
				317ECA43481BD30BC04E669D /* [CP] Check Pods Manifest.lock */,
				24C16B3922C3ED03004EDAE5 /* Sources */,
				24C16B3A22C3ED03004EDAE5 /* Frameworks */,
				24C16B3B22C3ED03004EDAE5 /* Resources */,
			);
			buildRules = (
			);
			dependencies = (
				24C16B3F22C3ED03004EDAE5 /* PBXTargetDependency */,
			);
			name = FlixUITests;
			productName = FlixUITests;
			productReference = 24C16B3D22C3ED03004EDAE5 /* FlixUITests.xctest */;
			productType = "com.apple.product-type.bundle.ui-testing";
		};
/* End PBXNativeTarget section */

/* Begin PBXProject section */
		24C16B1222C3ED02004EDAE5 /* Project object */ = {
			isa = PBXProject;
			attributes = {
				LastUpgradeCheck = 1020;
				ORGANIZATIONNAME = powercarlos25;
				TargetAttributes = {
					24C16B1922C3ED02004EDAE5 = {
						CreatedOnToolsVersion = 10.2.1;
					};
					24C16B3122C3ED03004EDAE5 = {
						CreatedOnToolsVersion = 10.2.1;
						TestTargetID = 24C16B1922C3ED02004EDAE5;
					};
					24C16B3C22C3ED03004EDAE5 = {
						CreatedOnToolsVersion = 10.2.1;
						TestTargetID = 24C16B1922C3ED02004EDAE5;
					};
				};
			};
			buildConfigurationList = 24C16B1522C3ED02004EDAE5 /* Build configuration list for PBXProject "Flix" */;
			compatibilityVersion = "Xcode 9.3";
			developmentRegion = en;
			hasScannedForEncodings = 0;
			knownRegions = (
				en,
				Base,
			);
			mainGroup = 24C16B1122C3ED02004EDAE5;
			productRefGroup = 24C16B1B22C3ED02004EDAE5 /* Products */;
			projectDirPath = "";
			projectRoot = "";
			targets = (
				24C16B1922C3ED02004EDAE5 /* Flix */,
				24C16B3122C3ED03004EDAE5 /* FlixTests */,
				24C16B3C22C3ED03004EDAE5 /* FlixUITests */,
			);
		};
/* End PBXProject section */

/* Begin PBXResourcesBuildPhase section */
		24C16B1822C3ED02004EDAE5 /* Resources */ = {
			isa = PBXResourcesBuildPhase;
			buildActionMask = 2147483647;
			files = (
				24C16B2A22C3ED02004EDAE5 /* LaunchScreen.storyboard in Resources */,
				24C16B2722C3ED02004EDAE5 /* Assets.xcassets in Resources */,
				24C16B2522C3ED02004EDAE5 /* Main.storyboard in Resources */,
			);
			runOnlyForDeploymentPostprocessing = 0;
		};
		24C16B3022C3ED03004EDAE5 /* Resources */ = {
			isa = PBXResourcesBuildPhase;
			buildActionMask = 2147483647;
			files = (
			);
			runOnlyForDeploymentPostprocessing = 0;
		};
		24C16B3B22C3ED03004EDAE5 /* Resources */ = {
			isa = PBXResourcesBuildPhase;
			buildActionMask = 2147483647;
			files = (
			);
			runOnlyForDeploymentPostprocessing = 0;
		};
/* End PBXResourcesBuildPhase section */

/* Begin PBXShellScriptBuildPhase section */
		317ECA43481BD30BC04E669D /* [CP] Check Pods Manifest.lock */ = {
			isa = PBXShellScriptBuildPhase;
			buildActionMask = 2147483647;
			files = (
			);
			inputFileListPaths = (
			);
			inputPaths = (
				"${PODS_PODFILE_DIR_PATH}/Podfile.lock",
				"${PODS_ROOT}/Manifest.lock",
			);
			name = "[CP] Check Pods Manifest.lock";
			outputFileListPaths = (
			);
			outputPaths = (
				"$(DERIVED_FILE_DIR)/Pods-FlixUITests-checkManifestLockResult.txt",
			);
			runOnlyForDeploymentPostprocessing = 0;
			shellPath = /bin/sh;
			shellScript = "diff \"${PODS_PODFILE_DIR_PATH}/Podfile.lock\" \"${PODS_ROOT}/Manifest.lock\" > /dev/null\nif [ $? != 0 ] ; then\n    # print error to STDERR\n    echo \"error: The sandbox is not in sync with the Podfile.lock. Run 'pod install' or update your CocoaPods installation.\" >&2\n    exit 1\nfi\n# This output is used by Xcode 'outputs' to avoid re-running this script phase.\necho \"SUCCESS\" > \"${SCRIPT_OUTPUT_FILE_0}\"\n";
			showEnvVarsInLog = 0;
		};
		3C27FC4F53B646E27B17CA27 /* [CP] Embed Pods Frameworks */ = {
			isa = PBXShellScriptBuildPhase;
			buildActionMask = 2147483647;
			files = (
			);
			inputFileListPaths = (
				"${PODS_ROOT}/Target Support Files/Pods-Flix/Pods-Flix-frameworks-${CONFIGURATION}-input-files.xcfilelist",
			);
			name = "[CP] Embed Pods Frameworks";
			outputFileListPaths = (
				"${PODS_ROOT}/Target Support Files/Pods-Flix/Pods-Flix-frameworks-${CONFIGURATION}-output-files.xcfilelist",
			);
			runOnlyForDeploymentPostprocessing = 0;
			shellPath = /bin/sh;
			shellScript = "\"${PODS_ROOT}/Target Support Files/Pods-Flix/Pods-Flix-frameworks.sh\"\n";
			showEnvVarsInLog = 0;
		};
		ABB1195EF65B26B702C32FA3 /* [CP] Check Pods Manifest.lock */ = {
			isa = PBXShellScriptBuildPhase;
			buildActionMask = 2147483647;
			files = (
			);
			inputFileListPaths = (
			);
			inputPaths = (
				"${PODS_PODFILE_DIR_PATH}/Podfile.lock",
				"${PODS_ROOT}/Manifest.lock",
			);
			name = "[CP] Check Pods Manifest.lock";
			outputFileListPaths = (
			);
			outputPaths = (
				"$(DERIVED_FILE_DIR)/Pods-FlixTests-checkManifestLockResult.txt",
			);
			runOnlyForDeploymentPostprocessing = 0;
			shellPath = /bin/sh;
			shellScript = "diff \"${PODS_PODFILE_DIR_PATH}/Podfile.lock\" \"${PODS_ROOT}/Manifest.lock\" > /dev/null\nif [ $? != 0 ] ; then\n    # print error to STDERR\n    echo \"error: The sandbox is not in sync with the Podfile.lock. Run 'pod install' or update your CocoaPods installation.\" >&2\n    exit 1\nfi\n# This output is used by Xcode 'outputs' to avoid re-running this script phase.\necho \"SUCCESS\" > \"${SCRIPT_OUTPUT_FILE_0}\"\n";
			showEnvVarsInLog = 0;
		};
		BE4F643C50B610DDE86BEF94 /* [CP] Check Pods Manifest.lock */ = {
			isa = PBXShellScriptBuildPhase;
			buildActionMask = 2147483647;
			files = (
			);
			inputFileListPaths = (
			);
			inputPaths = (
				"${PODS_PODFILE_DIR_PATH}/Podfile.lock",
				"${PODS_ROOT}/Manifest.lock",
			);
			name = "[CP] Check Pods Manifest.lock";
			outputFileListPaths = (
			);
			outputPaths = (
				"$(DERIVED_FILE_DIR)/Pods-Flix-checkManifestLockResult.txt",
			);
			runOnlyForDeploymentPostprocessing = 0;
			shellPath = /bin/sh;
			shellScript = "diff \"${PODS_PODFILE_DIR_PATH}/Podfile.lock\" \"${PODS_ROOT}/Manifest.lock\" > /dev/null\nif [ $? != 0 ] ; then\n    # print error to STDERR\n    echo \"error: The sandbox is not in sync with the Podfile.lock. Run 'pod install' or update your CocoaPods installation.\" >&2\n    exit 1\nfi\n# This output is used by Xcode 'outputs' to avoid re-running this script phase.\necho \"SUCCESS\" > \"${SCRIPT_OUTPUT_FILE_0}\"\n";
			showEnvVarsInLog = 0;
		};
/* End PBXShellScriptBuildPhase section */

/* Begin PBXSourcesBuildPhase section */
		24C16B1622C3ED02004EDAE5 /* Sources */ = {
			isa = PBXSourcesBuildPhase;
			buildActionMask = 2147483647;
			files = (
				24C16B2D22C3ED03004EDAE5 /* main.m in Sources */,
				2446EA4622C43C51004166F0 /* DetailsViewController.m in Sources */,
				24C16B1F22C3ED02004EDAE5 /* AppDelegate.m in Sources */,
				24AF73C822C5518D0077C4F9 /* MovieCollectionCell.m in Sources */,
				24E21FDD22C4215F00ED700D /* MovieCell.m in Sources */,
				24E21FD722C4026E00ED700D /* MoviesViewController.m in Sources */,
				24AF73C522C54E000077C4F9 /* MoviesGridViewController.m in Sources */,
			);
			runOnlyForDeploymentPostprocessing = 0;
		};
		24C16B2E22C3ED03004EDAE5 /* Sources */ = {
			isa = PBXSourcesBuildPhase;
			buildActionMask = 2147483647;
			files = (
				24C16B3722C3ED03004EDAE5 /* FlixTests.m in Sources */,
			);
			runOnlyForDeploymentPostprocessing = 0;
		};
		24C16B3922C3ED03004EDAE5 /* Sources */ = {
			isa = PBXSourcesBuildPhase;
			buildActionMask = 2147483647;
			files = (
				24C16B4222C3ED03004EDAE5 /* FlixUITests.m in Sources */,
			);
			runOnlyForDeploymentPostprocessing = 0;
		};
/* End PBXSourcesBuildPhase section */

/* Begin PBXTargetDependency section */
		24C16B3422C3ED03004EDAE5 /* PBXTargetDependency */ = {
			isa = PBXTargetDependency;
			target = 24C16B1922C3ED02004EDAE5 /* Flix */;
			targetProxy = 24C16B3322C3ED03004EDAE5 /* PBXContainerItemProxy */;
		};
		24C16B3F22C3ED03004EDAE5 /* PBXTargetDependency */ = {
			isa = PBXTargetDependency;
			target = 24C16B1922C3ED02004EDAE5 /* Flix */;
			targetProxy = 24C16B3E22C3ED03004EDAE5 /* PBXContainerItemProxy */;
		};
/* End PBXTargetDependency section */

/* Begin PBXVariantGroup section */
		24C16B2322C3ED02004EDAE5 /* Main.storyboard */ = {
			isa = PBXVariantGroup;
			children = (
				24C16B2422C3ED02004EDAE5 /* Base */,
			);
			name = Main.storyboard;
			sourceTree = "<group>";
		};
		24C16B2822C3ED02004EDAE5 /* LaunchScreen.storyboard */ = {
			isa = PBXVariantGroup;
			children = (
				24C16B2922C3ED02004EDAE5 /* Base */,
			);
			name = LaunchScreen.storyboard;
			sourceTree = "<group>";
		};
/* End PBXVariantGroup section */

/* Begin XCBuildConfiguration section */
		24C16B4422C3ED03004EDAE5 /* Debug */ = {
			isa = XCBuildConfiguration;
			buildSettings = {
				ALWAYS_SEARCH_USER_PATHS = NO;
				CLANG_ANALYZER_NONNULL = YES;
				CLANG_ANALYZER_NUMBER_OBJECT_CONVERSION = YES_AGGRESSIVE;
				CLANG_CXX_LANGUAGE_STANDARD = "gnu++14";
				CLANG_CXX_LIBRARY = "libc++";
				CLANG_ENABLE_MODULES = YES;
				CLANG_ENABLE_OBJC_ARC = YES;
				CLANG_ENABLE_OBJC_WEAK = YES;
				CLANG_WARN_BLOCK_CAPTURE_AUTORELEASING = YES;
				CLANG_WARN_BOOL_CONVERSION = YES;
				CLANG_WARN_COMMA = YES;
				CLANG_WARN_CONSTANT_CONVERSION = YES;
				CLANG_WARN_DEPRECATED_OBJC_IMPLEMENTATIONS = YES;
				CLANG_WARN_DIRECT_OBJC_ISA_USAGE = YES_ERROR;
				CLANG_WARN_DOCUMENTATION_COMMENTS = YES;
				CLANG_WARN_EMPTY_BODY = YES;
				CLANG_WARN_ENUM_CONVERSION = YES;
				CLANG_WARN_INFINITE_RECURSION = YES;
				CLANG_WARN_INT_CONVERSION = YES;
				CLANG_WARN_NON_LITERAL_NULL_CONVERSION = YES;
				CLANG_WARN_OBJC_IMPLICIT_RETAIN_SELF = YES;
				CLANG_WARN_OBJC_LITERAL_CONVERSION = YES;
				CLANG_WARN_OBJC_ROOT_CLASS = YES_ERROR;
				CLANG_WARN_RANGE_LOOP_ANALYSIS = YES;
				CLANG_WARN_STRICT_PROTOTYPES = YES;
				CLANG_WARN_SUSPICIOUS_MOVE = YES;
				CLANG_WARN_UNGUARDED_AVAILABILITY = YES_AGGRESSIVE;
				CLANG_WARN_UNREACHABLE_CODE = YES;
				CLANG_WARN__DUPLICATE_METHOD_MATCH = YES;
				CODE_SIGN_IDENTITY = "iPhone Developer";
				COPY_PHASE_STRIP = NO;
				DEBUG_INFORMATION_FORMAT = dwarf;
				ENABLE_STRICT_OBJC_MSGSEND = YES;
				ENABLE_TESTABILITY = YES;
				GCC_C_LANGUAGE_STANDARD = gnu11;
				GCC_DYNAMIC_NO_PIC = NO;
				GCC_NO_COMMON_BLOCKS = YES;
				GCC_OPTIMIZATION_LEVEL = 0;
				GCC_PREPROCESSOR_DEFINITIONS = (
					"DEBUG=1",
					"$(inherited)",
				);
				GCC_WARN_64_TO_32_BIT_CONVERSION = YES;
				GCC_WARN_ABOUT_RETURN_TYPE = YES_ERROR;
				GCC_WARN_UNDECLARED_SELECTOR = YES;
				GCC_WARN_UNINITIALIZED_AUTOS = YES_AGGRESSIVE;
				GCC_WARN_UNUSED_FUNCTION = YES;
				GCC_WARN_UNUSED_VARIABLE = YES;
				IPHONEOS_DEPLOYMENT_TARGET = 12.2;
				MTL_ENABLE_DEBUG_INFO = INCLUDE_SOURCE;
				MTL_FAST_MATH = YES;
				ONLY_ACTIVE_ARCH = YES;
				SDKROOT = iphoneos;
			};
			name = Debug;
		};
		24C16B4522C3ED03004EDAE5 /* Release */ = {
			isa = XCBuildConfiguration;
			buildSettings = {
				ALWAYS_SEARCH_USER_PATHS = NO;
				CLANG_ANALYZER_NONNULL = YES;
				CLANG_ANALYZER_NUMBER_OBJECT_CONVERSION = YES_AGGRESSIVE;
				CLANG_CXX_LANGUAGE_STANDARD = "gnu++14";
				CLANG_CXX_LIBRARY = "libc++";
				CLANG_ENABLE_MODULES = YES;
				CLANG_ENABLE_OBJC_ARC = YES;
				CLANG_ENABLE_OBJC_WEAK = YES;
				CLANG_WARN_BLOCK_CAPTURE_AUTORELEASING = YES;
				CLANG_WARN_BOOL_CONVERSION = YES;
				CLANG_WARN_COMMA = YES;
				CLANG_WARN_CONSTANT_CONVERSION = YES;
				CLANG_WARN_DEPRECATED_OBJC_IMPLEMENTATIONS = YES;
				CLANG_WARN_DIRECT_OBJC_ISA_USAGE = YES_ERROR;
				CLANG_WARN_DOCUMENTATION_COMMENTS = YES;
				CLANG_WARN_EMPTY_BODY = YES;
				CLANG_WARN_ENUM_CONVERSION = YES;
				CLANG_WARN_INFINITE_RECURSION = YES;
				CLANG_WARN_INT_CONVERSION = YES;
				CLANG_WARN_NON_LITERAL_NULL_CONVERSION = YES;
				CLANG_WARN_OBJC_IMPLICIT_RETAIN_SELF = YES;
				CLANG_WARN_OBJC_LITERAL_CONVERSION = YES;
				CLANG_WARN_OBJC_ROOT_CLASS = YES_ERROR;
				CLANG_WARN_RANGE_LOOP_ANALYSIS = YES;
				CLANG_WARN_STRICT_PROTOTYPES = YES;
				CLANG_WARN_SUSPICIOUS_MOVE = YES;
				CLANG_WARN_UNGUARDED_AVAILABILITY = YES_AGGRESSIVE;
				CLANG_WARN_UNREACHABLE_CODE = YES;
				CLANG_WARN__DUPLICATE_METHOD_MATCH = YES;
				CODE_SIGN_IDENTITY = "iPhone Developer";
				COPY_PHASE_STRIP = NO;
				DEBUG_INFORMATION_FORMAT = "dwarf-with-dsym";
				ENABLE_NS_ASSERTIONS = NO;
				ENABLE_STRICT_OBJC_MSGSEND = YES;
				GCC_C_LANGUAGE_STANDARD = gnu11;
				GCC_NO_COMMON_BLOCKS = YES;
				GCC_WARN_64_TO_32_BIT_CONVERSION = YES;
				GCC_WARN_ABOUT_RETURN_TYPE = YES_ERROR;
				GCC_WARN_UNDECLARED_SELECTOR = YES;
				GCC_WARN_UNINITIALIZED_AUTOS = YES_AGGRESSIVE;
				GCC_WARN_UNUSED_FUNCTION = YES;
				GCC_WARN_UNUSED_VARIABLE = YES;
				IPHONEOS_DEPLOYMENT_TARGET = 12.2;
				MTL_ENABLE_DEBUG_INFO = NO;
				MTL_FAST_MATH = YES;
				SDKROOT = iphoneos;
				VALIDATE_PRODUCT = YES;
			};
			name = Release;
		};
		24C16B4722C3ED03004EDAE5 /* Debug */ = {
			isa = XCBuildConfiguration;
			baseConfigurationReference = 8741947D4EFC9E59A7C73960 /* Pods-Flix.debug.xcconfig */;
			buildSettings = {
				ASSETCATALOG_COMPILER_APPICON_NAME = AppIcon;
				CODE_SIGN_STYLE = Automatic;
				DEVELOPMENT_TEAM = 893L9MG4VR;
				INFOPLIST_FILE = Flix/Info.plist;
				LD_RUNPATH_SEARCH_PATHS = (
					"$(inherited)",
					"@executable_path/Frameworks",
				);
				PRODUCT_BUNDLE_IDENTIFIER = com.powercarlos25.Flix;
				PRODUCT_NAME = "$(TARGET_NAME)";
				TARGETED_DEVICE_FAMILY = "1,2";
			};
			name = Debug;
		};
		24C16B4822C3ED03004EDAE5 /* Release */ = {
			isa = XCBuildConfiguration;
			baseConfigurationReference = 502F59E9D336089FF45F0EB3 /* Pods-Flix.release.xcconfig */;
			buildSettings = {
				ASSETCATALOG_COMPILER_APPICON_NAME = AppIcon;
				CODE_SIGN_STYLE = Automatic;
				DEVELOPMENT_TEAM = 893L9MG4VR;
				INFOPLIST_FILE = Flix/Info.plist;
				LD_RUNPATH_SEARCH_PATHS = (
					"$(inherited)",
					"@executable_path/Frameworks",
				);
				PRODUCT_BUNDLE_IDENTIFIER = com.powercarlos25.Flix;
				PRODUCT_NAME = "$(TARGET_NAME)";
				TARGETED_DEVICE_FAMILY = "1,2";
			};
			name = Release;
		};
		24C16B4A22C3ED03004EDAE5 /* Debug */ = {
			isa = XCBuildConfiguration;
			baseConfigurationReference = 6E9B5DC73815DA3EBF791F86 /* Pods-FlixTests.debug.xcconfig */;
			buildSettings = {
				BUNDLE_LOADER = "$(TEST_HOST)";
				CODE_SIGN_STYLE = Automatic;
				DEVELOPMENT_TEAM = 893L9MG4VR;
				INFOPLIST_FILE = FlixTests/Info.plist;
				LD_RUNPATH_SEARCH_PATHS = (
					"$(inherited)",
					"@executable_path/Frameworks",
					"@loader_path/Frameworks",
				);
				PRODUCT_BUNDLE_IDENTIFIER = com.powercarlos25.FlixTests;
				PRODUCT_NAME = "$(TARGET_NAME)";
				TARGETED_DEVICE_FAMILY = "1,2";
				TEST_HOST = "$(BUILT_PRODUCTS_DIR)/Flix.app/Flix";
			};
			name = Debug;
		};
		24C16B4B22C3ED03004EDAE5 /* Release */ = {
			isa = XCBuildConfiguration;
			baseConfigurationReference = 8919526F185081D6D016BD2F /* Pods-FlixTests.release.xcconfig */;
			buildSettings = {
				BUNDLE_LOADER = "$(TEST_HOST)";
				CODE_SIGN_STYLE = Automatic;
				DEVELOPMENT_TEAM = 893L9MG4VR;
				INFOPLIST_FILE = FlixTests/Info.plist;
				LD_RUNPATH_SEARCH_PATHS = (
					"$(inherited)",
					"@executable_path/Frameworks",
					"@loader_path/Frameworks",
				);
				PRODUCT_BUNDLE_IDENTIFIER = com.powercarlos25.FlixTests;
				PRODUCT_NAME = "$(TARGET_NAME)";
				TARGETED_DEVICE_FAMILY = "1,2";
				TEST_HOST = "$(BUILT_PRODUCTS_DIR)/Flix.app/Flix";
			};
			name = Release;
		};
		24C16B4D22C3ED03004EDAE5 /* Debug */ = {
			isa = XCBuildConfiguration;
			baseConfigurationReference = D08A6B4F34BECA2E3CEA23B1 /* Pods-FlixUITests.debug.xcconfig */;
			buildSettings = {
				CODE_SIGN_STYLE = Automatic;
				DEVELOPMENT_TEAM = 893L9MG4VR;
				INFOPLIST_FILE = FlixUITests/Info.plist;
				LD_RUNPATH_SEARCH_PATHS = (
					"$(inherited)",
					"@executable_path/Frameworks",
					"@loader_path/Frameworks",
				);
				PRODUCT_BUNDLE_IDENTIFIER = com.powercarlos25.FlixUITests;
				PRODUCT_NAME = "$(TARGET_NAME)";
				TARGETED_DEVICE_FAMILY = "1,2";
				TEST_TARGET_NAME = Flix;
			};
			name = Debug;
		};
		24C16B4E22C3ED03004EDAE5 /* Release */ = {
			isa = XCBuildConfiguration;
			baseConfigurationReference = 3459083DD2645A75B4A10F4B /* Pods-FlixUITests.release.xcconfig */;
			buildSettings = {
				CODE_SIGN_STYLE = Automatic;
				DEVELOPMENT_TEAM = 893L9MG4VR;
				INFOPLIST_FILE = FlixUITests/Info.plist;
				LD_RUNPATH_SEARCH_PATHS = (
					"$(inherited)",
					"@executable_path/Frameworks",
					"@loader_path/Frameworks",
				);
				PRODUCT_BUNDLE_IDENTIFIER = com.powercarlos25.FlixUITests;
				PRODUCT_NAME = "$(TARGET_NAME)";
				TARGETED_DEVICE_FAMILY = "1,2";
				TEST_TARGET_NAME = Flix;
			};
			name = Release;
		};
/* End XCBuildConfiguration section */

/* Begin XCConfigurationList section */
		24C16B1522C3ED02004EDAE5 /* Build configuration list for PBXProject "Flix" */ = {
			isa = XCConfigurationList;
			buildConfigurations = (
				24C16B4422C3ED03004EDAE5 /* Debug */,
				24C16B4522C3ED03004EDAE5 /* Release */,
			);
			defaultConfigurationIsVisible = 0;
			defaultConfigurationName = Release;
		};
		24C16B4622C3ED03004EDAE5 /* Build configuration list for PBXNativeTarget "Flix" */ = {
			isa = XCConfigurationList;
			buildConfigurations = (
				24C16B4722C3ED03004EDAE5 /* Debug */,
				24C16B4822C3ED03004EDAE5 /* Release */,
			);
			defaultConfigurationIsVisible = 0;
			defaultConfigurationName = Release;
		};
		24C16B4922C3ED03004EDAE5 /* Build configuration list for PBXNativeTarget "FlixTests" */ = {
			isa = XCConfigurationList;
			buildConfigurations = (
				24C16B4A22C3ED03004EDAE5 /* Debug */,
				24C16B4B22C3ED03004EDAE5 /* Release */,
			);
			defaultConfigurationIsVisible = 0;
			defaultConfigurationName = Release;
		};
		24C16B4C22C3ED03004EDAE5 /* Build configuration list for PBXNativeTarget "FlixUITests" */ = {
			isa = XCConfigurationList;
			buildConfigurations = (
				24C16B4D22C3ED03004EDAE5 /* Debug */,
				24C16B4E22C3ED03004EDAE5 /* Release */,
			);
			defaultConfigurationIsVisible = 0;
			defaultConfigurationName = Release;
		};
/* End XCConfigurationList section */
	};
	rootObject = 24C16B1222C3ED02004EDAE5 /* Project object */;
}
